
Microsoft Visual Studio Solution File, Format Version 12.00
# Visual Studio Version 16
VisualStudioVersion = 16.0.31105.61
MinimumVisualStudioVersion = 10.0.40219.1
Project("{FAE04EC0-301F-11D3-BF4B-00C04F79EFBC}") = "ProjectManagerFrontEnd", "ProjectManagerFrontEnd\ProjectManagerFrontEnd.csproj", "{AAF10CED-8F47-4AF3-964B-94D505806796}"
EndProject
Global
	GlobalSection(SolutionConfigurationPlatforms) = preSolution
		Debug|Any CPU = Debug|Any CPU
		Release|Any CPU = Release|Any CPU
	EndGlobalSection
	GlobalSection(ProjectConfigurationPlatforms) = postSolution
		{AAF10CED-8F47-4AF3-964B-94D505806796}.Debug|Any CPU.ActiveCfg = Debug|Any CPU
		{AAF10CED-8F47-4AF3-964B-94D505806796}.Debug|Any CPU.Build.0 = Debug|Any CPU
		{AAF10CED-8F47-4AF3-964B-94D505806796}.Release|Any CPU.ActiveCfg = Release|Any CPU
		{AAF10CED-8F47-4AF3-964B-94D505806796}.Release|Any CPU.Build.0 = Release|Any CPU
	EndGlobalSection
	GlobalSection(SolutionProperties) = preSolution
		HideSolutionNode = FALSE
	EndGlobalSection
	GlobalSection(ExtensibilityGlobals) = postSolution
		SolutionGuid = {E51C412C-DE1B-4C1F-9495-A19B38584932}
	EndGlobalSection
EndGlobal
